<?xml version="1.0" encoding="utf-8"?>
<Project ToolsVersion="4.0" xmlns="http://schemas.microsoft.com/developer/msbuild/2003">
  <ItemGroup>
    <Filter Include="Source Files">
      <UniqueIdentifier>{4FC737F1-C7A5-4376-A066-2A32D752A2FF}</UniqueIdentifier>
      <Extensions>cpp;c;cc;cxx;def;odl;idl;hpj;bat;asm;asmx</Extensions>
    </Filter>
    <Filter Include="Header Files">
      <UniqueIdentifier>{93995380-89BD-4b04-88EB-625FBE52EBFB}</UniqueIdentifier>
      <Extensions>h;hpp;hxx;hm;inl;inc;xsd</Extensions>
    </Filter>
    <Filter Include="Resource Files">
      <UniqueIdentifier>{67DA6AB6-F800-4c08-8B7A-83BB121AAD01}</UniqueIdentifier>
      <Extensions>rc;ico;cur;bmp;dlg;rc2;rct;bin;rgs;gif;jpg;jpeg;jpe;resx;tiff;tif;png;wav;mfcribbon-ms</Extensions>
    </Filter>
    <Filter Include="Source Files\Fragments">
      <UniqueIdentifier>{42790a72-cbff-433a-93cb-1143951ce5c1}</UniqueIdentifier>
    </Filter>
  </ItemGroup>
  <ItemGroup>
    <ClInclude Include="stdafx.h">
      <Filter>Header Files</Filter>
    </ClInclude>
    <ClInclude Include="targetver.h">
      <Filter>Header Files</Filter>
    </ClInclude>
  </ItemGroup>
  <ItemGroup>
    <ClCompile Include="stdafx.cpp">
      <Filter>Source Files</Filter>
    </ClCompile>
    <ClCompile Include="mcapi_trans_smt.cpp">
      <Filter>Source Files</Filter>
    </ClCompile>
  </ItemGroup>
  <ItemGroup>
    <None Include="Fragments\mcapi_trans_smt_inc.cpp">
      <Filter>Source Files\Fragments</Filter>
    </None>
    <None Include="Fragments\mcapi_trans_smt_declaration.cpp">
      <Filter>Source Files\Fragments</Filter>
    </None>
    <None Include="Fragments\mcapi_trans_smt_type.cpp">
      <Filter>Source Files\Fragments</Filter>
    </None>
    <None Include="Fragments\mcapi_trans_smt_threads.cpp">
      <Filter>Source Files\Fragments</Filter>
    </None>
    <None Include="Fragments\mcapi_trans_smt_initialize.cpp">
      <Filter>Source Files\Fragments</Filter>
    </None>
    <None Include="Fragments\mcapi_trans_smt_request.cpp">
      <Filter>Source Files\Fragments</Filter>
    </None>
    <None Include="Fragments\mcapi_trans_smt_endpoint.cpp">
      <Filter>Source Files\Fragments</Filter>
    </None>
    <None Include="Fragments\mcapi_trans_smt_queue.cpp">
      <Filter>Source Files\Fragments</Filter>
    </None>
    <None Include="Fragments\mcapi_trans_smt_msg.cpp">
      <Filter>Source Files\Fragments</Filter>
    </None>
    <None Include="Fragments\mcapi_trans_smt_pktchan.cpp">
      <Filter>Source Files\Fragments</Filter>
    </None>
    <None Include="Fragments\mcapi_trans_smt_sclchan.cpp">
      <Filter>Source Files\Fragments</Filter>
    </None>
    <None Include="Fragments\mcapi_trans_smt_stress.cpp">
      <Filter>Source Files\Fragments</Filter>
    </None>
    <None Include="mcapi_trans_smt.xml">
      <Filter>Resource Files</Filter>
    </None>
  </ItemGroup>
</Project>