<?xml version="1.0" encoding="UTF-8" standalone="yes" ?>
<CodeBlocks_project_file>
	<FileVersion major="1" minor="6" />
	<Project>
		<Option title="mcapi_trans_smp_abb" />
		<Option pch_mode="2" />
		<Option compiler="gcc" />
		<Build>
			<Target title="Debug">
				<Option output="bin/Debug/mcapi_trans_smp_abb" prefix_auto="1" extension_auto="1" />
				<Option object_output="obj/Debug/" />
				<Option type="1" />
				<Option compiler="gcc" />
				<Option parameters="mcapi_trans_smp21f.xml -m 0x4" />
				<Linker>
					<Add option="-lmrapid_abb -lmxml1d" />
					<Add library="libmcapi_trans_sm_abb.a" />
					<Add library="mrapi/libtransport_sm_mrapi_abb.a" />
					<Add directory="../../../../../../lib64" />
				</Linker>
			</Target>
			<Target title="Release">
				<Option output="bin/Release/mcapi_trans_smp_abb" prefix_auto="1" extension_auto="1" />
				<Option object_output="obj/Release/" />
				<Option type="1" />
				<Option compiler="gcc" />
				<Compiler>
					<Add option="-O2" />
				</Compiler>
				<Linker>
					<Add option="-s" />
					<Add option="-lmrapi_abb -lmxml1" />
					<Add library="libmcapi_trans_sm_abb.a" />
					<Add library="mrapi/libtransport_sm_mrapi_abb.a" />
					<Add directory="../../../../../../lib64" />
				</Linker>
			</Target>
		</Build>
		<Compiler>
			<Add option="-Wall" />
			<Add option="-g" />
			<Add option="-fexceptions" />
			<Add directory="../../../../mrapi/include" />
			<Add directory="../../../../../mca-2.0.3" />
			<Add directory="../../../../mrapi/src/mrapi_impl" />
			<Add directory="../../../../common" />
			<Add directory="../../../include" />
			<Add directory="../mcapi_trans_sm" />
			<Add directory="../../../../../mxml-2.7" />
		</Compiler>
		<Linker>
			<Add directory="../../../../../../lib64" />
			<Add directory="../mcapi_trans_sm" />
		</Linker>
		<Unit filename="mcapi_trans_smp1.xml" />
		<Unit filename="mcapi_trans_smp2.xml" />
		<Unit filename="mcapi_trans_smp3.xml" />
		<Unit filename="mcapi_trans_smp_abb.cpp" />
		<Extensions>
			<code_completion />
			<debugger />
		</Extensions>
	</Project>
</CodeBlocks_project_file>
