<?xml version="1.0" encoding="UTF-8" standalone="yes" ?>
<CodeBlocks_project_file>
	<FileVersion major="1" minor="6" />
	<Project>
		<Option title="mcapi_trans_sm_abb" />
		<Option pch_mode="2" />
		<Option compiler="gcc" />
		<Build>
			<Target title="Debug">
				<Option output="mcapi_trans_sm_abb" prefix_auto="1" extension_auto="1" />
				<Option working_dir="" />
				<Option object_output="obj/Debug/" />
				<Option type="2" />
				<Option compiler="gcc" />
				<Option createDefFile="1" />
			</Target>
			<Target title="Release">
				<Option output="mcapi_trans_sm_abb" prefix_auto="1" extension_auto="1" />
				<Option working_dir="" />
				<Option object_output="obj/Release/" />
				<Option type="2" />
				<Option compiler="gcc" />
				<Option createDefFile="1" />
				<Compiler>
					<Add option="-O2" />
				</Compiler>
				<Linker>
					<Add option="-s" />
				</Linker>
			</Target>
		</Build>
		<Compiler>
			<Add option="-Wall" />
			<Add option="-std=c++98" />
			<Add option="-std=c11" />
			<Add option="-fPIC" />
			<Add option="-m64" />
			<Add option="-g" />
			<Add option="-D_POSIX_C_SOURCE" />
			<Add directory="../../../include" />
			<Add directory="../../../../../mca-2.0.3" />
			<Add directory="../mcapi_trans_sm" />
			<Add directory="../../../../mrapi/include" />
			<Add directory="../../../../mrapi/src/mrapi_impl" />
			<Add directory="../../../../common" />
			<Add directory="../../../../../mxml-2.7" />
		</Compiler>
		<Linker>
			<Add option="-v" />
			<Add option="-m64" />
		</Linker>
		<Unit filename="../../../include/mcapi_trans_abb.h" />
		<Unit filename="Fragments/transport_sm_attributes_abb.c">
			<Option compilerVar="CC" />
			<Option compile="0" />
			<Option link="0" />
		</Unit>
		<Unit filename="Fragments/transport_sm_check_abb.c">
			<Option compilerVar="CC" />
			<Option compile="0" />
			<Option link="0" />
		</Unit>
		<Unit filename="Fragments/transport_sm_config_abb.c">
			<Option compilerVar="CC" />
			<Option compile="0" />
			<Option link="0" />
		</Unit>
		<Unit filename="Fragments/transport_sm_declaration_abb.c">
			<Option compilerVar="CC" />
			<Option compile="0" />
			<Option link="0" />
		</Unit>
		<Unit filename="Fragments/transport_sm_endpoint_abb.c">
			<Option compilerVar="CC" />
			<Option compile="0" />
			<Option link="0" />
		</Unit>
		<Unit filename="Fragments/transport_sm_finalize_abb.c">
			<Option compilerVar="CC" />
			<Option compile="0" />
			<Option link="0" />
		</Unit>
		<Unit filename="Fragments/transport_sm_inc_abb.c">
			<Option compilerVar="CC" />
			<Option compile="0" />
			<Option link="0" />
		</Unit>
		<Unit filename="Fragments/transport_sm_initialize_abb.c">
			<Option compilerVar="CC" />
			<Option compile="0" />
			<Option link="0" />
		</Unit>
		<Unit filename="Fragments/transport_sm_msg_abb.c">
			<Option compilerVar="CC" />
			<Option compile="0" />
			<Option link="0" />
		</Unit>
		<Unit filename="Fragments/transport_sm_pktchan_abb.c">
			<Option compilerVar="CC" />
			<Option compile="0" />
			<Option link="0" />
		</Unit>
		<Unit filename="Fragments/transport_sm_queue_abb.c">
			<Option compilerVar="CC" />
			<Option compile="0" />
			<Option link="0" />
		</Unit>
		<Unit filename="Fragments/transport_sm_request_abb.c">
			<Option compilerVar="CC" />
			<Option compile="0" />
			<Option link="0" />
		</Unit>
		<Unit filename="Fragments/transport_sm_sclchan_abb.c">
			<Option compilerVar="CC" />
			<Option compile="0" />
			<Option link="0" />
		</Unit>
		<Unit filename="Fragments/transport_sm_signal_abb.c">
			<Option compilerVar="CC" />
			<Option compile="0" />
			<Option link="0" />
		</Unit>
		<Unit filename="Fragments/transport_sm_wait_abb.c">
			<Option compilerVar="CC" />
			<Option compile="0" />
			<Option link="0" />
		</Unit>
		<Unit filename="mcapi_impl_spec_abb.h" />
		<Unit filename="transport_sm_abb.c">
			<Option compilerVar="CC" />
		</Unit>
		<Unit filename="transport_sm_abb.h" />
		<Extensions>
			<code_completion />
			<debugger />
		</Extensions>
	</Project>
</CodeBlocks_project_file>
