<?xml version="1.0" encoding="utf-8"?>
<Project ToolsVersion="4.0" xmlns="http://schemas.microsoft.com/developer/msbuild/2003">
  <ItemGroup>
    <Filter Include="Source Files">
      <UniqueIdentifier>{4FC737F1-C7A5-4376-A066-2A32D752A2FF}</UniqueIdentifier>
      <Extensions>cpp;c;cc;cxx;def;odl;idl;hpj;bat;asm;asmx</Extensions>
    </Filter>
    <Filter Include="Header Files">
      <UniqueIdentifier>{93995380-89BD-4b04-88EB-625FBE52EBFB}</UniqueIdentifier>
      <Extensions>h;hpp;hxx;hm;inl;inc;xsd</Extensions>
    </Filter>
    <Filter Include="Resource Files">
      <UniqueIdentifier>{67DA6AB6-F800-4c08-8B7A-83BB121AAD01}</UniqueIdentifier>
      <Extensions>rc;ico;cur;bmp;dlg;rc2;rct;bin;rgs;gif;jpg;jpeg;jpe;resx;tiff;tif;png;wav;mfcribbon-ms</Extensions>
    </Filter>
    <Filter Include="Header Files\Fragments">
      <UniqueIdentifier>{5029a993-af02-4e19-b606-0eb0c4e6873f}</UniqueIdentifier>
    </Filter>
    <Filter Include="Source Files\Fragments">
      <UniqueIdentifier>{601936a7-6aff-4521-bc47-993df0f96651}</UniqueIdentifier>
    </Filter>
  </ItemGroup>
  <ItemGroup>
    <ClInclude Include="..\mca_impl_spec_abb.h">
      <Filter>Header Files</Filter>
    </ClInclude>
    <ClInclude Include="..\Fragments\mca_impl_spec_inc_abb.h">
      <Filter>Header Files\Fragments</Filter>
    </ClInclude>
    <ClInclude Include="Fragments\mca_utils_inc_abb.h">
      <Filter>Header Files\Fragments</Filter>
    </ClInclude>
    <ClInclude Include="mca_utils_abb.h">
      <Filter>Header Files</Filter>
    </ClInclude>
  </ItemGroup>
  <ItemGroup>
    <None Include="Fragments\mca_utils_inc_abb.c">
      <Filter>Source Files\Fragments</Filter>
    </None>
    <None Include="Fragments\mca_utils_proto.h">
      <Filter>Header Files\Fragments</Filter>
    </None>
    <None Include="..\Fragments\mca_impl_spec_def.h">
      <Filter>Header Files\Fragments</Filter>
    </None>
    <None Include="Fragments\mca_utils_impl.c">
      <Filter>Source Files\Fragments</Filter>
    </None>
  </ItemGroup>
  <ItemGroup>
    <ClCompile Include="mca_utils_abb.c">
      <Filter>Source Files</Filter>
    </ClCompile>
  </ItemGroup>
</Project>