<?xml version="1.0" encoding="UTF-8" standalone="yes" ?>
<CodeBlocks_project_file>
	<FileVersion major="1" minor="6" />
	<Project>
		<Option title="sysvr4p" />
		<Option pch_mode="2" />
		<Option compiler="gcc" />
		<Build>
			<Target title="Debug">
				<Option output="bin/Debug/sysvr4p" prefix_auto="1" extension_auto="1" />
				<Option object_output="obj/Debug/" />
				<Option type="1" />
				<Option compiler="gcc" />
				<Compiler>
					<Add option="-g" />
					<Add directory="../../mrapi_impl" />
					<Add directory="../../../include" />
					<Add directory="../../../../../mca-2.0.3" />
					<Add directory="../../../../common" />
				</Compiler>
				<Linker>
					<Add option="-lrt" />
					<Add library="libcommon.a" />
					<Add library="libsysvr4.a" />
					<Add directory="../../../../common" />
					<Add directory="../sysvr4" />
				</Linker>
			</Target>
			<Target title="Release">
				<Option output="bin/Release/sysvr4p" prefix_auto="1" extension_auto="1" />
				<Option object_output="obj/Release/" />
				<Option type="1" />
				<Option compiler="gcc" />
				<Compiler>
					<Add option="-O2" />
				</Compiler>
				<Linker>
					<Add option="-s" />
				</Linker>
			</Target>
		</Build>
		<Compiler>
			<Add option="-Wall" />
			<Add option="-std=c++98" />
			<Add option="-std=c11" />
			<Add option="-fPIC" />
			<Add option="-m64" />
			<Add option="-fexceptions" />
			<Add option="-D_POSIX_C_SOURCE" />
		</Compiler>
		<Linker>
			<Add option="-v" />
			<Add option="-m64" />
		</Linker>
		<Unit filename="sysvr4p.cpp" />
		<Extensions>
			<code_completion />
			<debugger />
		</Extensions>
	</Project>
</CodeBlocks_project_file>
