
Microsoft Visual Studio Solution File, Format Version 11.00
# Visual Studio 2010
Project("{8BC9CEB8-8B4A-11D0-8D11-00A0C91BC942}") = "mutex1", "mutex1.vcxproj", "{9FF5566E-680D-4FAB-85AB-55B4ACC6AA09}"
EndProject
Project("{8BC9CEB8-8B4A-11D0-8D11-00A0C91BC942}") = "mutex2", "mutex2.vcxproj", "{85156C62-50A3-4EEA-8C66-D7F969203F86}"
EndProject
Project("{8BC9CEB8-8B4A-11D0-8D11-00A0C91BC942}") = "node1", "node1.vcxproj", "{D772DBF3-DC32-4D6E-9D53-5B3DCD6FF36A}"
EndProject
Project("{8BC9CEB8-8B4A-11D0-8D11-00A0C91BC942}") = "node2", "node2.vcxproj", "{FCF92516-4376-4F5A-9BA1-90B4A4784C23}"
EndProject
Project("{8BC9CEB8-8B4A-11D0-8D11-00A0C91BC942}") = "resources_get", "resources_get.vcxproj", "{A412C7A4-C242-4875-AE6E-B0278E500E7D}"
EndProject
Project("{8BC9CEB8-8B4A-11D0-8D11-00A0C91BC942}") = "resource_attributes", "resource_attributes.vcxproj", "{6E821802-C863-4D3D-BC9A-D5E878A029AB}"
EndProject
Project("{8BC9CEB8-8B4A-11D0-8D11-00A0C91BC942}") = "resources1", "resources1.vcxproj", "{7AC3F02B-505A-41EA-AE87-7647082209F8}"
EndProject
Project("{8BC9CEB8-8B4A-11D0-8D11-00A0C91BC942}") = "test_sysvr4", "test_sysvr4.vcxproj", "{D32BDEA3-4CBA-40B6-A0F9-7130D5E193FD}"
EndProject
Project("{8BC9CEB8-8B4A-11D0-8D11-00A0C91BC942}") = "sig1", "sig1.vcxproj", "{FC2FDE56-DCD6-4F17-A681-2113E5735A1F}"
EndProject
Project("{8BC9CEB8-8B4A-11D0-8D11-00A0C91BC942}") = "barrier1", "barrier1.vcxproj", "{6E38D008-ED4B-4002-84AE-9CFD880F2157}"
EndProject
Project("{8BC9CEB8-8B4A-11D0-8D11-00A0C91BC942}") = "node3", "node3.vcxproj", "{9EBD6FB6-2659-468F-881B-EA5366249DAD}"
EndProject
Project("{8BC9CEB8-8B4A-11D0-8D11-00A0C91BC942}") = "node4", "node4.vcxproj", "{4435CC1E-34B5-46B6-BD2F-9A8AB844E7E0}"
EndProject
Project("{8BC9CEB8-8B4A-11D0-8D11-00A0C91BC942}") = "mutex3", "mutex3.vcxproj", "{886C524A-2537-4C8A-B258-5A4F70126B37}"
EndProject
Project("{8BC9CEB8-8B4A-11D0-8D11-00A0C91BC942}") = "sem1", "sem1.vcxproj", "{62C91EDB-FE85-48CA-AF27-B63D6F7BE8A4}"
EndProject
Project("{8BC9CEB8-8B4A-11D0-8D11-00A0C91BC942}") = "sem2", "sem2.vcxproj", "{B410FAEC-7054-4FB6-B9A7-71D6815F7D70}"
EndProject
Project("{8BC9CEB8-8B4A-11D0-8D11-00A0C91BC942}") = "sem3", "sem3.vcxproj", "{77B122DF-83C6-4A3B-98A4-8B9422BF2904}"
EndProject
Project("{8BC9CEB8-8B4A-11D0-8D11-00A0C91BC942}") = "shm", "shm.vcxproj", "{A9EABDE6-121E-47E4-A893-17F559C8E110}"
EndProject
Project("{8BC9CEB8-8B4A-11D0-8D11-00A0C91BC942}") = "shm1", "shm1.vcxproj", "{6D0700AC-B98F-493D-86F9-213F38130E23}"
EndProject
Project("{8BC9CEB8-8B4A-11D0-8D11-00A0C91BC942}") = "shm2", "shm2.vcxproj", "{2FABF494-9812-4ABA-80AF-908C5B20C06E}"
EndProject
Project("{8BC9CEB8-8B4A-11D0-8D11-00A0C91BC942}") = "shm3", "shm3.vcxproj", "{FFB0F3F2-572D-4363-8C46-75653C06D16A}"
EndProject
Project("{8BC9CEB8-8B4A-11D0-8D11-00A0C91BC942}") = "errors", "errors.vcxproj", "{AF36E7A7-A009-4C76-822A-B7C861CEFF88}"
EndProject
Project("{8BC9CEB8-8B4A-11D0-8D11-00A0C91BC942}") = "rwl1", "rwl1.vcxproj", "{2873751F-F065-4321-978B-B323EF70C3F6}"
EndProject
Project("{8BC9CEB8-8B4A-11D0-8D11-00A0C91BC942}") = "rwl2", "rwl2.vcxproj", "{0A2E127B-8CC7-4B96-94B5-D46BF06919F3}"
EndProject
Project("{8BC9CEB8-8B4A-11D0-8D11-00A0C91BC942}") = "rmem1", "rmem1.vcxproj", "{99E9B84D-CB98-4852-99FE-985A36A77678}"
EndProject
Project("{8BC9CEB8-8B4A-11D0-8D11-00A0C91BC942}") = "rmem2", "rmem2.vcxproj", "{9A1CE8CC-60D8-4844-B5FD-ACD5E94B7FE7}"
EndProject
Project("{8BC9CEB8-8B4A-11D0-8D11-00A0C91BC942}") = "rmem3", "rmem3.vcxproj", "{73371F47-EB59-4DA2-A6C9-FA18E4EF0A10}"
EndProject
Project("{8BC9CEB8-8B4A-11D0-8D11-00A0C91BC942}") = "rmem4", "rmem4.vcxproj", "{C83D6BAA-9D8A-4F15-8958-D39D3B8DB81C}"
EndProject
Project("{8BC9CEB8-8B4A-11D0-8D11-00A0C91BC942}") = "rmem5", "rmem5.vcxproj", "{24B50FE7-A0ED-4382-AA8C-C196F907FDB6}"
EndProject
Project("{8BC9CEB8-8B4A-11D0-8D11-00A0C91BC942}") = "shared_memory_example", "shared_memory_example.vcxproj", "{75C9C224-1ECB-4C6C-B455-B1BBACDC4773}"
EndProject
Project("{8BC9CEB8-8B4A-11D0-8D11-00A0C91BC942}") = "rsrc_callbacks", "rsrc_callbacks.vcxproj", "{B0CC34AE-3B7E-4E78-9456-E36D6DDF455A}"
EndProject
Global
	GlobalSection(TeamFoundationVersionControl) = preSolution
		SccNumberOfProjects = 31
		SccEnterpriseProvider = {4CA58AB2-18FA-4F8D-95D4-32DDF27D184C}
		SccTeamFoundationServer = http://de-s-0178517.de.abb.com:8090/tfs/ocs
		SccLocalPath0 = .
		SccProjectUniqueName1 = mutex1.vcxproj
		SccLocalPath1 = .
		SccProjectUniqueName2 = mutex2.vcxproj
		SccLocalPath2 = .
		SccProjectUniqueName3 = node1.vcxproj
		SccLocalPath3 = .
		SccProjectUniqueName4 = node2.vcxproj
		SccLocalPath4 = .
		SccProjectUniqueName5 = resources_get.vcxproj
		SccLocalPath5 = .
		SccProjectUniqueName6 = resource_attributes.vcxproj
		SccLocalPath6 = .
		SccProjectUniqueName7 = resources1.vcxproj
		SccLocalPath7 = .
		SccProjectUniqueName8 = test_sysvr4.vcxproj
		SccLocalPath8 = .
		SccProjectUniqueName9 = sig1.vcxproj
		SccLocalPath9 = .
		SccProjectUniqueName10 = barrier1.vcxproj
		SccLocalPath10 = .
		SccProjectUniqueName11 = node3.vcxproj
		SccLocalPath11 = .
		SccProjectUniqueName12 = node4.vcxproj
		SccLocalPath12 = .
		SccProjectUniqueName13 = mutex3.vcxproj
		SccLocalPath13 = .
		SccProjectUniqueName14 = sem1.vcxproj
		SccLocalPath14 = .
		SccProjectUniqueName15 = sem2.vcxproj
		SccLocalPath15 = .
		SccProjectUniqueName16 = sem3.vcxproj
		SccLocalPath16 = .
		SccProjectUniqueName17 = shm.vcxproj
		SccLocalPath17 = .
		SccProjectUniqueName18 = shm1.vcxproj
		SccLocalPath18 = .
		SccProjectUniqueName19 = shm2.vcxproj
		SccLocalPath19 = .
		SccProjectUniqueName20 = shm3.vcxproj
		SccLocalPath20 = .
		SccProjectUniqueName21 = errors.vcxproj
		SccLocalPath21 = .
		SccProjectUniqueName22 = rwl1.vcxproj
		SccLocalPath22 = .
		SccProjectUniqueName23 = rwl2.vcxproj
		SccLocalPath23 = .
		SccProjectUniqueName24 = rmem1.vcxproj
		SccLocalPath24 = .
		SccProjectUniqueName25 = rmem2.vcxproj
		SccLocalPath25 = .
		SccProjectUniqueName26 = rmem3.vcxproj
		SccLocalPath26 = .
		SccProjectUniqueName27 = rmem4.vcxproj
		SccLocalPath27 = .
		SccProjectUniqueName28 = rmem5.vcxproj
		SccLocalPath28 = .
		SccProjectUniqueName29 = shared_memory_example.vcxproj
		SccLocalPath29 = .
		SccProjectUniqueName30 = rsrc_callbacks.vcxproj
		SccLocalPath30 = .
	EndGlobalSection
	GlobalSection(SolutionConfigurationPlatforms) = preSolution
		Debug_ABB|Win32 = Debug_ABB|Win32
		Debug|Win32 = Debug|Win32
		Release_ABB|Win32 = Release_ABB|Win32
		Release|Win32 = Release|Win32
	EndGlobalSection
	GlobalSection(ProjectConfigurationPlatforms) = postSolution
		{9FF5566E-680D-4FAB-85AB-55B4ACC6AA09}.Debug_ABB|Win32.ActiveCfg = Debug_ABB|Win32
		{9FF5566E-680D-4FAB-85AB-55B4ACC6AA09}.Debug_ABB|Win32.Build.0 = Debug_ABB|Win32
		{9FF5566E-680D-4FAB-85AB-55B4ACC6AA09}.Debug|Win32.ActiveCfg = Debug|Win32
		{9FF5566E-680D-4FAB-85AB-55B4ACC6AA09}.Debug|Win32.Build.0 = Debug|Win32
		{9FF5566E-680D-4FAB-85AB-55B4ACC6AA09}.Release_ABB|Win32.ActiveCfg = Release_ABB|Win32
		{9FF5566E-680D-4FAB-85AB-55B4ACC6AA09}.Release_ABB|Win32.Build.0 = Release_ABB|Win32
		{9FF5566E-680D-4FAB-85AB-55B4ACC6AA09}.Release|Win32.ActiveCfg = Release|Win32
		{9FF5566E-680D-4FAB-85AB-55B4ACC6AA09}.Release|Win32.Build.0 = Release|Win32
		{85156C62-50A3-4EEA-8C66-D7F969203F86}.Debug_ABB|Win32.ActiveCfg = Debug_ABB|Win32
		{85156C62-50A3-4EEA-8C66-D7F969203F86}.Debug_ABB|Win32.Build.0 = Debug_ABB|Win32
		{85156C62-50A3-4EEA-8C66-D7F969203F86}.Debug|Win32.ActiveCfg = Debug|Win32
		{85156C62-50A3-4EEA-8C66-D7F969203F86}.Debug|Win32.Build.0 = Debug|Win32
		{85156C62-50A3-4EEA-8C66-D7F969203F86}.Release_ABB|Win32.ActiveCfg = Release_ABB|Win32
		{85156C62-50A3-4EEA-8C66-D7F969203F86}.Release_ABB|Win32.Build.0 = Release_ABB|Win32
		{85156C62-50A3-4EEA-8C66-D7F969203F86}.Release|Win32.ActiveCfg = Release|Win32
		{85156C62-50A3-4EEA-8C66-D7F969203F86}.Release|Win32.Build.0 = Release|Win32
		{D772DBF3-DC32-4D6E-9D53-5B3DCD6FF36A}.Debug_ABB|Win32.ActiveCfg = Debug_ABB|Win32
		{D772DBF3-DC32-4D6E-9D53-5B3DCD6FF36A}.Debug_ABB|Win32.Build.0 = Debug_ABB|Win32
		{D772DBF3-DC32-4D6E-9D53-5B3DCD6FF36A}.Debug|Win32.ActiveCfg = Debug|Win32
		{D772DBF3-DC32-4D6E-9D53-5B3DCD6FF36A}.Debug|Win32.Build.0 = Debug|Win32
		{D772DBF3-DC32-4D6E-9D53-5B3DCD6FF36A}.Release_ABB|Win32.ActiveCfg = Release_ABB|Win32
		{D772DBF3-DC32-4D6E-9D53-5B3DCD6FF36A}.Release_ABB|Win32.Build.0 = Release_ABB|Win32
		{D772DBF3-DC32-4D6E-9D53-5B3DCD6FF36A}.Release|Win32.ActiveCfg = Release|Win32
		{D772DBF3-DC32-4D6E-9D53-5B3DCD6FF36A}.Release|Win32.Build.0 = Release|Win32
		{FCF92516-4376-4F5A-9BA1-90B4A4784C23}.Debug_ABB|Win32.ActiveCfg = Debug_ABB|Win32
		{FCF92516-4376-4F5A-9BA1-90B4A4784C23}.Debug_ABB|Win32.Build.0 = Debug_ABB|Win32
		{FCF92516-4376-4F5A-9BA1-90B4A4784C23}.Debug|Win32.ActiveCfg = Debug|Win32
		{FCF92516-4376-4F5A-9BA1-90B4A4784C23}.Debug|Win32.Build.0 = Debug|Win32
		{FCF92516-4376-4F5A-9BA1-90B4A4784C23}.Release_ABB|Win32.ActiveCfg = Release_ABB|Win32
		{FCF92516-4376-4F5A-9BA1-90B4A4784C23}.Release_ABB|Win32.Build.0 = Release_ABB|Win32
		{FCF92516-4376-4F5A-9BA1-90B4A4784C23}.Release|Win32.ActiveCfg = Release|Win32
		{FCF92516-4376-4F5A-9BA1-90B4A4784C23}.Release|Win32.Build.0 = Release|Win32
		{A412C7A4-C242-4875-AE6E-B0278E500E7D}.Debug_ABB|Win32.ActiveCfg = Debug_ABB|Win32
		{A412C7A4-C242-4875-AE6E-B0278E500E7D}.Debug_ABB|Win32.Build.0 = Debug_ABB|Win32
		{A412C7A4-C242-4875-AE6E-B0278E500E7D}.Debug|Win32.ActiveCfg = Debug|Win32
		{A412C7A4-C242-4875-AE6E-B0278E500E7D}.Debug|Win32.Build.0 = Debug|Win32
		{A412C7A4-C242-4875-AE6E-B0278E500E7D}.Release_ABB|Win32.ActiveCfg = Release_ABB|Win32
		{A412C7A4-C242-4875-AE6E-B0278E500E7D}.Release_ABB|Win32.Build.0 = Release_ABB|Win32
		{A412C7A4-C242-4875-AE6E-B0278E500E7D}.Release|Win32.ActiveCfg = Release|Win32
		{A412C7A4-C242-4875-AE6E-B0278E500E7D}.Release|Win32.Build.0 = Release|Win32
		{6E821802-C863-4D3D-BC9A-D5E878A029AB}.Debug_ABB|Win32.ActiveCfg = Debug_ABB|Win32
		{6E821802-C863-4D3D-BC9A-D5E878A029AB}.Debug_ABB|Win32.Build.0 = Debug_ABB|Win32
		{6E821802-C863-4D3D-BC9A-D5E878A029AB}.Debug|Win32.ActiveCfg = Debug|Win32
		{6E821802-C863-4D3D-BC9A-D5E878A029AB}.Debug|Win32.Build.0 = Debug|Win32
		{6E821802-C863-4D3D-BC9A-D5E878A029AB}.Release_ABB|Win32.ActiveCfg = Release_ABB|Win32
		{6E821802-C863-4D3D-BC9A-D5E878A029AB}.Release_ABB|Win32.Build.0 = Release_ABB|Win32
		{6E821802-C863-4D3D-BC9A-D5E878A029AB}.Release|Win32.ActiveCfg = Release|Win32
		{6E821802-C863-4D3D-BC9A-D5E878A029AB}.Release|Win32.Build.0 = Release|Win32
		{7AC3F02B-505A-41EA-AE87-7647082209F8}.Debug_ABB|Win32.ActiveCfg = Debug_ABB|Win32
		{7AC3F02B-505A-41EA-AE87-7647082209F8}.Debug_ABB|Win32.Build.0 = Debug_ABB|Win32
		{7AC3F02B-505A-41EA-AE87-7647082209F8}.Debug|Win32.ActiveCfg = Debug|Win32
		{7AC3F02B-505A-41EA-AE87-7647082209F8}.Debug|Win32.Build.0 = Debug|Win32
		{7AC3F02B-505A-41EA-AE87-7647082209F8}.Release_ABB|Win32.ActiveCfg = Release_ABB|Win32
		{7AC3F02B-505A-41EA-AE87-7647082209F8}.Release_ABB|Win32.Build.0 = Release_ABB|Win32
		{7AC3F02B-505A-41EA-AE87-7647082209F8}.Release|Win32.ActiveCfg = Release|Win32
		{7AC3F02B-505A-41EA-AE87-7647082209F8}.Release|Win32.Build.0 = Release|Win32
		{D32BDEA3-4CBA-40B6-A0F9-7130D5E193FD}.Debug_ABB|Win32.ActiveCfg = Debug_ABB|Win32
		{D32BDEA3-4CBA-40B6-A0F9-7130D5E193FD}.Debug_ABB|Win32.Build.0 = Debug_ABB|Win32
		{D32BDEA3-4CBA-40B6-A0F9-7130D5E193FD}.Debug|Win32.ActiveCfg = Debug|Win32
		{D32BDEA3-4CBA-40B6-A0F9-7130D5E193FD}.Debug|Win32.Build.0 = Debug|Win32
		{D32BDEA3-4CBA-40B6-A0F9-7130D5E193FD}.Release_ABB|Win32.ActiveCfg = Release_ABB|Win32
		{D32BDEA3-4CBA-40B6-A0F9-7130D5E193FD}.Release_ABB|Win32.Build.0 = Release_ABB|Win32
		{D32BDEA3-4CBA-40B6-A0F9-7130D5E193FD}.Release|Win32.ActiveCfg = Release|Win32
		{D32BDEA3-4CBA-40B6-A0F9-7130D5E193FD}.Release|Win32.Build.0 = Release|Win32
		{FC2FDE56-DCD6-4F17-A681-2113E5735A1F}.Debug_ABB|Win32.ActiveCfg = Debug_ABB|Win32
		{FC2FDE56-DCD6-4F17-A681-2113E5735A1F}.Debug_ABB|Win32.Build.0 = Debug_ABB|Win32
		{FC2FDE56-DCD6-4F17-A681-2113E5735A1F}.Debug|Win32.ActiveCfg = Debug|Win32
		{FC2FDE56-DCD6-4F17-A681-2113E5735A1F}.Debug|Win32.Build.0 = Debug|Win32
		{FC2FDE56-DCD6-4F17-A681-2113E5735A1F}.Release_ABB|Win32.ActiveCfg = Release_ABB|Win32
		{FC2FDE56-DCD6-4F17-A681-2113E5735A1F}.Release_ABB|Win32.Build.0 = Release_ABB|Win32
		{FC2FDE56-DCD6-4F17-A681-2113E5735A1F}.Release|Win32.ActiveCfg = Release|Win32
		{FC2FDE56-DCD6-4F17-A681-2113E5735A1F}.Release|Win32.Build.0 = Release|Win32
		{6E38D008-ED4B-4002-84AE-9CFD880F2157}.Debug_ABB|Win32.ActiveCfg = Debug_ABB|Win32
		{6E38D008-ED4B-4002-84AE-9CFD880F2157}.Debug_ABB|Win32.Build.0 = Debug_ABB|Win32
		{6E38D008-ED4B-4002-84AE-9CFD880F2157}.Debug|Win32.ActiveCfg = Debug|Win32
		{6E38D008-ED4B-4002-84AE-9CFD880F2157}.Debug|Win32.Build.0 = Debug|Win32
		{6E38D008-ED4B-4002-84AE-9CFD880F2157}.Release_ABB|Win32.ActiveCfg = Release_ABB|Win32
		{6E38D008-ED4B-4002-84AE-9CFD880F2157}.Release_ABB|Win32.Build.0 = Release_ABB|Win32
		{6E38D008-ED4B-4002-84AE-9CFD880F2157}.Release|Win32.ActiveCfg = Release|Win32
		{6E38D008-ED4B-4002-84AE-9CFD880F2157}.Release|Win32.Build.0 = Release|Win32
		{9EBD6FB6-2659-468F-881B-EA5366249DAD}.Debug_ABB|Win32.ActiveCfg = Debug_ABB|Win32
		{9EBD6FB6-2659-468F-881B-EA5366249DAD}.Debug_ABB|Win32.Build.0 = Debug_ABB|Win32
		{9EBD6FB6-2659-468F-881B-EA5366249DAD}.Debug|Win32.ActiveCfg = Debug|Win32
		{9EBD6FB6-2659-468F-881B-EA5366249DAD}.Debug|Win32.Build.0 = Debug|Win32
		{9EBD6FB6-2659-468F-881B-EA5366249DAD}.Release_ABB|Win32.ActiveCfg = Release_ABB|Win32
		{9EBD6FB6-2659-468F-881B-EA5366249DAD}.Release_ABB|Win32.Build.0 = Release_ABB|Win32
		{9EBD6FB6-2659-468F-881B-EA5366249DAD}.Release|Win32.ActiveCfg = Release|Win32
		{9EBD6FB6-2659-468F-881B-EA5366249DAD}.Release|Win32.Build.0 = Release|Win32
		{4435CC1E-34B5-46B6-BD2F-9A8AB844E7E0}.Debug_ABB|Win32.ActiveCfg = Debug_ABB|Win32
		{4435CC1E-34B5-46B6-BD2F-9A8AB844E7E0}.Debug_ABB|Win32.Build.0 = Debug_ABB|Win32
		{4435CC1E-34B5-46B6-BD2F-9A8AB844E7E0}.Debug|Win32.ActiveCfg = Debug|Win32
		{4435CC1E-34B5-46B6-BD2F-9A8AB844E7E0}.Debug|Win32.Build.0 = Debug|Win32
		{4435CC1E-34B5-46B6-BD2F-9A8AB844E7E0}.Release_ABB|Win32.ActiveCfg = Release_ABB|Win32
		{4435CC1E-34B5-46B6-BD2F-9A8AB844E7E0}.Release_ABB|Win32.Build.0 = Release_ABB|Win32
		{4435CC1E-34B5-46B6-BD2F-9A8AB844E7E0}.Release|Win32.ActiveCfg = Release|Win32
		{4435CC1E-34B5-46B6-BD2F-9A8AB844E7E0}.Release|Win32.Build.0 = Release|Win32
		{886C524A-2537-4C8A-B258-5A4F70126B37}.Debug_ABB|Win32.ActiveCfg = Debug_ABB|Win32
		{886C524A-2537-4C8A-B258-5A4F70126B37}.Debug_ABB|Win32.Build.0 = Debug_ABB|Win32
		{886C524A-2537-4C8A-B258-5A4F70126B37}.Debug|Win32.ActiveCfg = Debug|Win32
		{886C524A-2537-4C8A-B258-5A4F70126B37}.Debug|Win32.Build.0 = Debug|Win32
		{886C524A-2537-4C8A-B258-5A4F70126B37}.Release_ABB|Win32.ActiveCfg = Release_ABB|Win32
		{886C524A-2537-4C8A-B258-5A4F70126B37}.Release_ABB|Win32.Build.0 = Release_ABB|Win32
		{886C524A-2537-4C8A-B258-5A4F70126B37}.Release|Win32.ActiveCfg = Release|Win32
		{886C524A-2537-4C8A-B258-5A4F70126B37}.Release|Win32.Build.0 = Release|Win32
		{62C91EDB-FE85-48CA-AF27-B63D6F7BE8A4}.Debug_ABB|Win32.ActiveCfg = Debug_ABB|Win32
		{62C91EDB-FE85-48CA-AF27-B63D6F7BE8A4}.Debug_ABB|Win32.Build.0 = Debug_ABB|Win32
		{62C91EDB-FE85-48CA-AF27-B63D6F7BE8A4}.Debug|Win32.ActiveCfg = Debug|Win32
		{62C91EDB-FE85-48CA-AF27-B63D6F7BE8A4}.Debug|Win32.Build.0 = Debug|Win32
		{62C91EDB-FE85-48CA-AF27-B63D6F7BE8A4}.Release_ABB|Win32.ActiveCfg = Release_ABB|Win32
		{62C91EDB-FE85-48CA-AF27-B63D6F7BE8A4}.Release_ABB|Win32.Build.0 = Release_ABB|Win32
		{62C91EDB-FE85-48CA-AF27-B63D6F7BE8A4}.Release|Win32.ActiveCfg = Release|Win32
		{62C91EDB-FE85-48CA-AF27-B63D6F7BE8A4}.Release|Win32.Build.0 = Release|Win32
		{B410FAEC-7054-4FB6-B9A7-71D6815F7D70}.Debug_ABB|Win32.ActiveCfg = Debug_ABB|Win32
		{B410FAEC-7054-4FB6-B9A7-71D6815F7D70}.Debug_ABB|Win32.Build.0 = Debug_ABB|Win32
		{B410FAEC-7054-4FB6-B9A7-71D6815F7D70}.Debug|Win32.ActiveCfg = Debug|Win32
		{B410FAEC-7054-4FB6-B9A7-71D6815F7D70}.Debug|Win32.Build.0 = Debug|Win32
		{B410FAEC-7054-4FB6-B9A7-71D6815F7D70}.Release_ABB|Win32.ActiveCfg = Release_ABB|Win32
		{B410FAEC-7054-4FB6-B9A7-71D6815F7D70}.Release_ABB|Win32.Build.0 = Release_ABB|Win32
		{B410FAEC-7054-4FB6-B9A7-71D6815F7D70}.Release|Win32.ActiveCfg = Release|Win32
		{B410FAEC-7054-4FB6-B9A7-71D6815F7D70}.Release|Win32.Build.0 = Release|Win32
		{77B122DF-83C6-4A3B-98A4-8B9422BF2904}.Debug_ABB|Win32.ActiveCfg = Debug_ABB|Win32
		{77B122DF-83C6-4A3B-98A4-8B9422BF2904}.Debug_ABB|Win32.Build.0 = Debug_ABB|Win32
		{77B122DF-83C6-4A3B-98A4-8B9422BF2904}.Debug|Win32.ActiveCfg = Debug|Win32
		{77B122DF-83C6-4A3B-98A4-8B9422BF2904}.Debug|Win32.Build.0 = Debug|Win32
		{77B122DF-83C6-4A3B-98A4-8B9422BF2904}.Release_ABB|Win32.ActiveCfg = Release_ABB|Win32
		{77B122DF-83C6-4A3B-98A4-8B9422BF2904}.Release_ABB|Win32.Build.0 = Release_ABB|Win32
		{77B122DF-83C6-4A3B-98A4-8B9422BF2904}.Release|Win32.ActiveCfg = Release|Win32
		{77B122DF-83C6-4A3B-98A4-8B9422BF2904}.Release|Win32.Build.0 = Release|Win32
		{A9EABDE6-121E-47E4-A893-17F559C8E110}.Debug_ABB|Win32.ActiveCfg = Debug_ABB|Win32
		{A9EABDE6-121E-47E4-A893-17F559C8E110}.Debug_ABB|Win32.Build.0 = Debug_ABB|Win32
		{A9EABDE6-121E-47E4-A893-17F559C8E110}.Debug|Win32.ActiveCfg = Debug|Win32
		{A9EABDE6-121E-47E4-A893-17F559C8E110}.Debug|Win32.Build.0 = Debug|Win32
		{A9EABDE6-121E-47E4-A893-17F559C8E110}.Release_ABB|Win32.ActiveCfg = Release_ABB|Win32
		{A9EABDE6-121E-47E4-A893-17F559C8E110}.Release_ABB|Win32.Build.0 = Release_ABB|Win32
		{A9EABDE6-121E-47E4-A893-17F559C8E110}.Release|Win32.ActiveCfg = Release|Win32
		{A9EABDE6-121E-47E4-A893-17F559C8E110}.Release|Win32.Build.0 = Release|Win32
		{6D0700AC-B98F-493D-86F9-213F38130E23}.Debug_ABB|Win32.ActiveCfg = Debug_ABB|Win32
		{6D0700AC-B98F-493D-86F9-213F38130E23}.Debug_ABB|Win32.Build.0 = Debug_ABB|Win32
		{6D0700AC-B98F-493D-86F9-213F38130E23}.Debug|Win32.ActiveCfg = Debug|Win32
		{6D0700AC-B98F-493D-86F9-213F38130E23}.Debug|Win32.Build.0 = Debug|Win32
		{6D0700AC-B98F-493D-86F9-213F38130E23}.Release_ABB|Win32.ActiveCfg = Release_ABB|Win32
		{6D0700AC-B98F-493D-86F9-213F38130E23}.Release_ABB|Win32.Build.0 = Release_ABB|Win32
		{6D0700AC-B98F-493D-86F9-213F38130E23}.Release|Win32.ActiveCfg = Release|Win32
		{6D0700AC-B98F-493D-86F9-213F38130E23}.Release|Win32.Build.0 = Release|Win32
		{2FABF494-9812-4ABA-80AF-908C5B20C06E}.Debug_ABB|Win32.ActiveCfg = Debug_ABB|Win32
		{2FABF494-9812-4ABA-80AF-908C5B20C06E}.Debug_ABB|Win32.Build.0 = Debug_ABB|Win32
		{2FABF494-9812-4ABA-80AF-908C5B20C06E}.Debug|Win32.ActiveCfg = Debug|Win32
		{2FABF494-9812-4ABA-80AF-908C5B20C06E}.Debug|Win32.Build.0 = Debug|Win32
		{2FABF494-9812-4ABA-80AF-908C5B20C06E}.Release_ABB|Win32.ActiveCfg = Release_ABB|Win32
		{2FABF494-9812-4ABA-80AF-908C5B20C06E}.Release_ABB|Win32.Build.0 = Release_ABB|Win32
		{2FABF494-9812-4ABA-80AF-908C5B20C06E}.Release|Win32.ActiveCfg = Release|Win32
		{2FABF494-9812-4ABA-80AF-908C5B20C06E}.Release|Win32.Build.0 = Release|Win32
		{FFB0F3F2-572D-4363-8C46-75653C06D16A}.Debug_ABB|Win32.ActiveCfg = Debug_ABB|Win32
		{FFB0F3F2-572D-4363-8C46-75653C06D16A}.Debug_ABB|Win32.Build.0 = Debug_ABB|Win32
		{FFB0F3F2-572D-4363-8C46-75653C06D16A}.Debug|Win32.ActiveCfg = Debug|Win32
		{FFB0F3F2-572D-4363-8C46-75653C06D16A}.Debug|Win32.Build.0 = Debug|Win32
		{FFB0F3F2-572D-4363-8C46-75653C06D16A}.Release_ABB|Win32.ActiveCfg = Release_ABB|Win32
		{FFB0F3F2-572D-4363-8C46-75653C06D16A}.Release_ABB|Win32.Build.0 = Release_ABB|Win32
		{FFB0F3F2-572D-4363-8C46-75653C06D16A}.Release|Win32.ActiveCfg = Release|Win32
		{FFB0F3F2-572D-4363-8C46-75653C06D16A}.Release|Win32.Build.0 = Release|Win32
		{AF36E7A7-A009-4C76-822A-B7C861CEFF88}.Debug_ABB|Win32.ActiveCfg = Debug_ABB|Win32
		{AF36E7A7-A009-4C76-822A-B7C861CEFF88}.Debug_ABB|Win32.Build.0 = Debug_ABB|Win32
		{AF36E7A7-A009-4C76-822A-B7C861CEFF88}.Debug|Win32.ActiveCfg = Debug|Win32
		{AF36E7A7-A009-4C76-822A-B7C861CEFF88}.Debug|Win32.Build.0 = Debug|Win32
		{AF36E7A7-A009-4C76-822A-B7C861CEFF88}.Release_ABB|Win32.ActiveCfg = Release_ABB|Win32
		{AF36E7A7-A009-4C76-822A-B7C861CEFF88}.Release_ABB|Win32.Build.0 = Release_ABB|Win32
		{AF36E7A7-A009-4C76-822A-B7C861CEFF88}.Release|Win32.ActiveCfg = Release|Win32
		{AF36E7A7-A009-4C76-822A-B7C861CEFF88}.Release|Win32.Build.0 = Release|Win32
		{2873751F-F065-4321-978B-B323EF70C3F6}.Debug_ABB|Win32.ActiveCfg = Debug_ABB|Win32
		{2873751F-F065-4321-978B-B323EF70C3F6}.Debug_ABB|Win32.Build.0 = Debug_ABB|Win32
		{2873751F-F065-4321-978B-B323EF70C3F6}.Debug|Win32.ActiveCfg = Debug|Win32
		{2873751F-F065-4321-978B-B323EF70C3F6}.Debug|Win32.Build.0 = Debug|Win32
		{2873751F-F065-4321-978B-B323EF70C3F6}.Release_ABB|Win32.ActiveCfg = Release_ABB|Win32
		{2873751F-F065-4321-978B-B323EF70C3F6}.Release_ABB|Win32.Build.0 = Release_ABB|Win32
		{2873751F-F065-4321-978B-B323EF70C3F6}.Release|Win32.ActiveCfg = Release|Win32
		{2873751F-F065-4321-978B-B323EF70C3F6}.Release|Win32.Build.0 = Release|Win32
		{0A2E127B-8CC7-4B96-94B5-D46BF06919F3}.Debug_ABB|Win32.ActiveCfg = Debug_ABB|Win32
		{0A2E127B-8CC7-4B96-94B5-D46BF06919F3}.Debug_ABB|Win32.Build.0 = Debug_ABB|Win32
		{0A2E127B-8CC7-4B96-94B5-D46BF06919F3}.Debug|Win32.ActiveCfg = Debug|Win32
		{0A2E127B-8CC7-4B96-94B5-D46BF06919F3}.Debug|Win32.Build.0 = Debug|Win32
		{0A2E127B-8CC7-4B96-94B5-D46BF06919F3}.Release_ABB|Win32.ActiveCfg = Release_ABB|Win32
		{0A2E127B-8CC7-4B96-94B5-D46BF06919F3}.Release_ABB|Win32.Build.0 = Release_ABB|Win32
		{0A2E127B-8CC7-4B96-94B5-D46BF06919F3}.Release|Win32.ActiveCfg = Release|Win32
		{0A2E127B-8CC7-4B96-94B5-D46BF06919F3}.Release|Win32.Build.0 = Release|Win32
		{99E9B84D-CB98-4852-99FE-985A36A77678}.Debug_ABB|Win32.ActiveCfg = Debug_ABB|Win32
		{99E9B84D-CB98-4852-99FE-985A36A77678}.Debug_ABB|Win32.Build.0 = Debug_ABB|Win32
		{99E9B84D-CB98-4852-99FE-985A36A77678}.Debug|Win32.ActiveCfg = Debug|Win32
		{99E9B84D-CB98-4852-99FE-985A36A77678}.Debug|Win32.Build.0 = Debug|Win32
		{99E9B84D-CB98-4852-99FE-985A36A77678}.Release_ABB|Win32.ActiveCfg = Release_ABB|Win32
		{99E9B84D-CB98-4852-99FE-985A36A77678}.Release_ABB|Win32.Build.0 = Release_ABB|Win32
		{99E9B84D-CB98-4852-99FE-985A36A77678}.Release|Win32.ActiveCfg = Release|Win32
		{99E9B84D-CB98-4852-99FE-985A36A77678}.Release|Win32.Build.0 = Release|Win32
		{9A1CE8CC-60D8-4844-B5FD-ACD5E94B7FE7}.Debug_ABB|Win32.ActiveCfg = Debug_ABB|Win32
		{9A1CE8CC-60D8-4844-B5FD-ACD5E94B7FE7}.Debug_ABB|Win32.Build.0 = Debug_ABB|Win32
		{9A1CE8CC-60D8-4844-B5FD-ACD5E94B7FE7}.Debug|Win32.ActiveCfg = Debug|Win32
		{9A1CE8CC-60D8-4844-B5FD-ACD5E94B7FE7}.Debug|Win32.Build.0 = Debug|Win32
		{9A1CE8CC-60D8-4844-B5FD-ACD5E94B7FE7}.Release_ABB|Win32.ActiveCfg = Release_ABB|Win32
		{9A1CE8CC-60D8-4844-B5FD-ACD5E94B7FE7}.Release_ABB|Win32.Build.0 = Release_ABB|Win32
		{9A1CE8CC-60D8-4844-B5FD-ACD5E94B7FE7}.Release|Win32.ActiveCfg = Release|Win32
		{9A1CE8CC-60D8-4844-B5FD-ACD5E94B7FE7}.Release|Win32.Build.0 = Release|Win32
		{73371F47-EB59-4DA2-A6C9-FA18E4EF0A10}.Debug_ABB|Win32.ActiveCfg = Debug_ABB|Win32
		{73371F47-EB59-4DA2-A6C9-FA18E4EF0A10}.Debug_ABB|Win32.Build.0 = Debug_ABB|Win32
		{73371F47-EB59-4DA2-A6C9-FA18E4EF0A10}.Debug|Win32.ActiveCfg = Debug|Win32
		{73371F47-EB59-4DA2-A6C9-FA18E4EF0A10}.Debug|Win32.Build.0 = Debug|Win32
		{73371F47-EB59-4DA2-A6C9-FA18E4EF0A10}.Release_ABB|Win32.ActiveCfg = Release_ABB|Win32
		{73371F47-EB59-4DA2-A6C9-FA18E4EF0A10}.Release_ABB|Win32.Build.0 = Release_ABB|Win32
		{73371F47-EB59-4DA2-A6C9-FA18E4EF0A10}.Release|Win32.ActiveCfg = Release|Win32
		{73371F47-EB59-4DA2-A6C9-FA18E4EF0A10}.Release|Win32.Build.0 = Release|Win32
		{C83D6BAA-9D8A-4F15-8958-D39D3B8DB81C}.Debug_ABB|Win32.ActiveCfg = Debug_ABB|Win32
		{C83D6BAA-9D8A-4F15-8958-D39D3B8DB81C}.Debug_ABB|Win32.Build.0 = Debug_ABB|Win32
		{C83D6BAA-9D8A-4F15-8958-D39D3B8DB81C}.Debug|Win32.ActiveCfg = Debug|Win32
		{C83D6BAA-9D8A-4F15-8958-D39D3B8DB81C}.Debug|Win32.Build.0 = Debug|Win32
		{C83D6BAA-9D8A-4F15-8958-D39D3B8DB81C}.Release_ABB|Win32.ActiveCfg = Release_ABB|Win32
		{C83D6BAA-9D8A-4F15-8958-D39D3B8DB81C}.Release_ABB|Win32.Build.0 = Release_ABB|Win32
		{C83D6BAA-9D8A-4F15-8958-D39D3B8DB81C}.Release|Win32.ActiveCfg = Release|Win32
		{C83D6BAA-9D8A-4F15-8958-D39D3B8DB81C}.Release|Win32.Build.0 = Release|Win32
		{24B50FE7-A0ED-4382-AA8C-C196F907FDB6}.Debug_ABB|Win32.ActiveCfg = Debug_ABB|Win32
		{24B50FE7-A0ED-4382-AA8C-C196F907FDB6}.Debug_ABB|Win32.Build.0 = Debug_ABB|Win32
		{24B50FE7-A0ED-4382-AA8C-C196F907FDB6}.Debug|Win32.ActiveCfg = Debug|Win32
		{24B50FE7-A0ED-4382-AA8C-C196F907FDB6}.Debug|Win32.Build.0 = Debug|Win32
		{24B50FE7-A0ED-4382-AA8C-C196F907FDB6}.Release_ABB|Win32.ActiveCfg = Release_ABB|Win32
		{24B50FE7-A0ED-4382-AA8C-C196F907FDB6}.Release_ABB|Win32.Build.0 = Release_ABB|Win32
		{24B50FE7-A0ED-4382-AA8C-C196F907FDB6}.Release|Win32.ActiveCfg = Release|Win32
		{24B50FE7-A0ED-4382-AA8C-C196F907FDB6}.Release|Win32.Build.0 = Release|Win32
		{75C9C224-1ECB-4C6C-B455-B1BBACDC4773}.Debug_ABB|Win32.ActiveCfg = Debug_ABB|Win32
		{75C9C224-1ECB-4C6C-B455-B1BBACDC4773}.Debug_ABB|Win32.Build.0 = Debug_ABB|Win32
		{75C9C224-1ECB-4C6C-B455-B1BBACDC4773}.Debug|Win32.ActiveCfg = Debug|Win32
		{75C9C224-1ECB-4C6C-B455-B1BBACDC4773}.Debug|Win32.Build.0 = Debug|Win32
		{75C9C224-1ECB-4C6C-B455-B1BBACDC4773}.Release_ABB|Win32.ActiveCfg = Release_ABB|Win32
		{75C9C224-1ECB-4C6C-B455-B1BBACDC4773}.Release_ABB|Win32.Build.0 = Release_ABB|Win32
		{75C9C224-1ECB-4C6C-B455-B1BBACDC4773}.Release|Win32.ActiveCfg = Release|Win32
		{75C9C224-1ECB-4C6C-B455-B1BBACDC4773}.Release|Win32.Build.0 = Release|Win32
		{B0CC34AE-3B7E-4E78-9456-E36D6DDF455A}.Debug_ABB|Win32.ActiveCfg = Debug_ABB|Win32
		{B0CC34AE-3B7E-4E78-9456-E36D6DDF455A}.Debug_ABB|Win32.Build.0 = Debug_ABB|Win32
		{B0CC34AE-3B7E-4E78-9456-E36D6DDF455A}.Debug|Win32.ActiveCfg = Debug|Win32
		{B0CC34AE-3B7E-4E78-9456-E36D6DDF455A}.Debug|Win32.Build.0 = Debug|Win32
		{B0CC34AE-3B7E-4E78-9456-E36D6DDF455A}.Release_ABB|Win32.ActiveCfg = Release_ABB|Win32
		{B0CC34AE-3B7E-4E78-9456-E36D6DDF455A}.Release_ABB|Win32.Build.0 = Release_ABB|Win32
		{B0CC34AE-3B7E-4E78-9456-E36D6DDF455A}.Release|Win32.ActiveCfg = Release|Win32
		{B0CC34AE-3B7E-4E78-9456-E36D6DDF455A}.Release|Win32.Build.0 = Release|Win32
	EndGlobalSection
	GlobalSection(SolutionProperties) = preSolution
		HideSolutionNode = FALSE
	EndGlobalSection
EndGlobal
