<?xml version="1.0" encoding="utf-8"?>
<Project ToolsVersion="4.0" xmlns="http://schemas.microsoft.com/developer/msbuild/2003">
  <ItemGroup>
    <Filter Include="Source Files">
      <UniqueIdentifier>{4FC737F1-C7A5-4376-A066-2A32D752A2FF}</UniqueIdentifier>
      <Extensions>cpp;c;cc;cxx;def;odl;idl;hpj;bat;asm;asmx</Extensions>
    </Filter>
    <Filter Include="Header Files">
      <UniqueIdentifier>{93995380-89BD-4b04-88EB-625FBE52EBFB}</UniqueIdentifier>
      <Extensions>h;hpp;hxx;hm;inl;inc;xsd</Extensions>
    </Filter>
    <Filter Include="Resource Files">
      <UniqueIdentifier>{67DA6AB6-F800-4c08-8B7A-83BB121AAD01}</UniqueIdentifier>
      <Extensions>rc;ico;cur;bmp;dlg;rc2;rct;bin;rgs;gif;jpg;jpeg;jpe;resx;tiff;tif;png;wav;mfcribbon-ms</Extensions>
    </Filter>
    <Filter Include="Header Files\Fragments">
      <UniqueIdentifier>{588d2409-9d52-4ee1-bb0e-8df76cf80b6f}</UniqueIdentifier>
    </Filter>
    <Filter Include="Source Files\Fragments">
      <UniqueIdentifier>{b900136e-36ac-431e-b531-2d77b04cceff}</UniqueIdentifier>
    </Filter>
  </ItemGroup>
  <ItemGroup>
    <ClInclude Include="stdafx.h">
      <Filter>Header Files</Filter>
    </ClInclude>
    <ClInclude Include="targetver.h">
      <Filter>Header Files</Filter>
    </ClInclude>
    <ClInclude Include="include\Fragments\mrapi_inc2_abb.h">
      <Filter>Header Files\Fragments</Filter>
    </ClInclude>
    <ClInclude Include="include\mrapi_abb.h">
      <Filter>Header Files</Filter>
    </ClInclude>
    <ClInclude Include="include\Fragments\mrapi_inc1_abb.h">
      <Filter>Header Files\Fragments</Filter>
    </ClInclude>
    <ClInclude Include="..\mca_abb.h">
      <Filter>Header Files</Filter>
    </ClInclude>
  </ItemGroup>
  <ItemGroup>
    <ClCompile Include="stdafx.cpp">
      <Filter>Source Files</Filter>
    </ClCompile>
    <ClCompile Include="dllmain.cpp">
      <Filter>Source Files</Filter>
    </ClCompile>
    <ClCompile Include="src\mrapi_abb.c">
      <Filter>Source Files</Filter>
    </ClCompile>
  </ItemGroup>
  <ItemGroup>
    <None Include="src\Fragments\mrapi_initialize.c">
      <Filter>Source Files\Fragments</Filter>
    </None>
    <None Include="src\Fragments\mrapi_mutex.c">
      <Filter>Source Files\Fragments</Filter>
    </None>
    <None Include="src\Fragments\mrapi_rwl.c">
      <Filter>Source Files\Fragments</Filter>
    </None>
    <None Include="src\Fragments\mrapi_shmem.c">
      <Filter>Source Files\Fragments</Filter>
    </None>
    <None Include="src\Fragments\mrapi_rmem.c">
      <Filter>Source Files\Fragments</Filter>
    </None>
    <None Include="src\Fragments\mrapi_vtime.c">
      <Filter>Source Files\Fragments</Filter>
    </None>
    <None Include="src\Fragments\mrapi_resources.c">
      <Filter>Source Files\Fragments</Filter>
    </None>
    <None Include="src\Fragments\mrapi_atomic.c">
      <Filter>Source Files\Fragments</Filter>
    </None>
    <None Include="src\Fragments\mrapi_sem_abb.c">
      <Filter>Source Files\Fragments</Filter>
    </None>
  </ItemGroup>
</Project>