<?xml version="1.0" encoding="UTF-8" standalone="yes" ?>
<CodeBlocks_project_file>
	<FileVersion major="1" minor="6" />
	<Project>
		<Option title="transport_sm_mrapit_abb" />
		<Option pch_mode="2" />
		<Option compiler="gcc" />
		<Build>
			<Target title="Debug">
				<Option output="bin/Debug/transport_sm_mrapit_abb" prefix_auto="1" extension_auto="1" />
				<Option object_output="obj/Debug/" />
				<Option type="1" />
				<Option compiler="gcc" />
				<Compiler>
					<Add option="-g" />
				</Compiler>
				<Linker>
					<Add option="-lmrapid_abb -lrt" />
					<Add library="libtransport_sm_mrapi_abb.a" />
				</Linker>
			</Target>
			<Target title="Release">
				<Option output="bin/Release/transport_sm_mrapit_abb" prefix_auto="1" extension_auto="1" />
				<Option object_output="obj/Release/" />
				<Option type="1" />
				<Option compiler="gcc" />
				<Compiler>
					<Add option="-O2" />
				</Compiler>
				<Linker>
					<Add option="-s" />
					<Add option="-lmrapi_abb -lrt" />
					<Add library="libtransport_sm_mrapi_abb.a" />
				</Linker>
			</Target>
		</Build>
		<Compiler>
			<Add option="-Wall" />
			<Add option="-fexceptions" />
			<Add directory="../../../../../mrapi/include" />
			<Add directory="../../../../../../mca-2.0.3" />
			<Add directory="../../../../../mrapi/src/mrapi_impl" />
			<Add directory="../../../../../common" />
			<Add directory="../../../../include" />
			<Add directory="../../mcapi_trans_sm" />
			<Add directory="../../../../../../mxml-2.7" />
		</Compiler>
		<Linker>
			<Add directory="../mrapi" />
			<Add directory="../../../../../../../lib64" />
		</Linker>
		<Unit filename="Fragments/transport_sm_mrapit_body.cpp">
			<Option compile="0" />
			<Option link="0" />
		</Unit>
		<Unit filename="Fragments/transport_sm_mrapit_inc_abb.cpp">
			<Option compile="0" />
			<Option link="0" />
		</Unit>
		<Unit filename="transport_sm_mrapit_abb.cpp" />
		<Extensions>
			<code_completion />
			<debugger />
		</Extensions>
	</Project>
</CodeBlocks_project_file>
